# This file is automatically @generated by Cargo.
# It is not intended for manual editing.
version = 4

[[package]]
name = "rust_todo"
version = "0.1.0"
dependencies = [
 "rust_yaml",
]

[[package]]
name = "rust_yaml"
version = "0.1.0"
source = "git+https://github.com/stela2502/rust_yaml#6c03d9acd4163332d450d4f06c71934f761ced43"
